
Microsoft Visual Studio Solution File, Format Version 12.00
# Visual Studio Version 17
VisualStudioVersion = 17.0.32112.339
MinimumVisualStudioVersion = 10.0.40219.1
Project("{8BC9CEB8-8B4A-11D0-8D11-00A0C91BC942}") = "Vernam", "Vernam\Vernam.vcxproj", "{2B8CEC25-9A84-4C56-B783-9E4261CE1475}"
EndProject
Project("{8BC9CEB8-8B4A-11D0-8D11-00A0C91BC942}") = "RSA", "RSA\RSA.vcxproj", "{60AECA3E-7FA2-4464-B7D2-2A2242A82499}"
EndProject
Project("{8BC9CEB8-8B4A-11D0-8D11-00A0C91BC942}") = "SandBox", "SendBox\SendBox.vcxproj", "{6C3FFEE3-A177-4906-9281-AF93D7380592}"
EndProject
Project("{8BC9CEB8-8B4A-11D0-8D11-00A0C91BC942}") = "GMWTests", "GMWTests\GMWTests.vcxproj", "{707DA999-E3F8-4FA3-B2CB-EE46E19A7602}"
EndProject
Project("{8BC9CEB8-8B4A-11D0-8D11-00A0C91BC942}") = "GMWGenerator", "GMWGenerator\GMWGenerator.vcxproj", "{19F573DC-58B1-4F78-99E0-14061712CC66}"
EndProject
Project("{8BC9CEB8-8B4A-11D0-8D11-00A0C91BC942}") = "GOST-DSA-94", "GOST-DSA-94\GOST-DSA-94.vcxproj", "{D94EE32E-05DC-4008-9F7D-EE0E2180146D}"
EndProject
Project("{8BC9CEB8-8B4A-11D0-8D11-00A0C91BC942}") = "GOST-DSA-2001", "GOST-DSA-2001\GOST-DSA-2001.vcxproj", "{06B97324-7839-444A-BF07-86530E0B5E18}"
EndProject
Project("{8BC9CEB8-8B4A-11D0-8D11-00A0C91BC942}") = "GOST1989", "GOST1989\GOST1989.vcxproj", "{39B18A0F-596A-421F-99F2-B32C4F0D87B4}"
EndProject
Project("{8BC9CEB8-8B4A-11D0-8D11-00A0C91BC942}") = "SHA256", "SHA256\SHA256.vcxproj", "{31354516-8E0D-4630-96EC-96E87AA4937C}"
EndProject
Project("{8BC9CEB8-8B4A-11D0-8D11-00A0C91BC942}") = "GOST-HASH-94", "GOST-HASH-94\GOST-HASH-94.vcxproj", "{19DD5936-C5EB-4CB2-853F-196DD5AB2DF5}"
EndProject
Project("{8BC9CEB8-8B4A-11D0-8D11-00A0C91BC942}") = "AES", "AES\AES.vcxproj", "{9DDEC0A6-6F8B-4C2B-961A-10C8D58C044A}"
EndProject
Project("{8BC9CEB8-8B4A-11D0-8D11-00A0C91BC942}") = "MD5", "MD5\MD5.vcxproj", "{3D352D66-5450-492D-89CB-15ABFA2EA18F}"
EndProject
Project("{8BC9CEB8-8B4A-11D0-8D11-00A0C91BC942}") = "GOST-HASH-94-TEST", "GOST-HASH-94-TEST\GOST-HASH-94-TEST.vcxproj", "{396926E7-5298-4743-A2C0-94432E6AE2A1}"
EndProject
Project("{8BC9CEB8-8B4A-11D0-8D11-00A0C91BC942}") = "MD5Test", "MD5Test\MD5Test.vcxproj", "{8CBEDECA-EF7D-4E63-9CDF-762C65960F36}"
EndProject
Global
	GlobalSection(SolutionConfigurationPlatforms) = preSolution
		Debug|x64 = Debug|x64
		Debug|x86 = Debug|x86
		Release|x64 = Release|x64
		Release|x86 = Release|x86
	EndGlobalSection
	GlobalSection(ProjectConfigurationPlatforms) = postSolution
		{2B8CEC25-9A84-4C56-B783-9E4261CE1475}.Debug|x64.ActiveCfg = Debug|x64
		{2B8CEC25-9A84-4C56-B783-9E4261CE1475}.Debug|x64.Build.0 = Debug|x64
		{2B8CEC25-9A84-4C56-B783-9E4261CE1475}.Debug|x86.ActiveCfg = Debug|Win32
		{2B8CEC25-9A84-4C56-B783-9E4261CE1475}.Debug|x86.Build.0 = Debug|Win32
		{2B8CEC25-9A84-4C56-B783-9E4261CE1475}.Release|x64.ActiveCfg = Release|x64
		{2B8CEC25-9A84-4C56-B783-9E4261CE1475}.Release|x64.Build.0 = Release|x64
		{2B8CEC25-9A84-4C56-B783-9E4261CE1475}.Release|x86.ActiveCfg = Release|Win32
		{2B8CEC25-9A84-4C56-B783-9E4261CE1475}.Release|x86.Build.0 = Release|Win32
		{60AECA3E-7FA2-4464-B7D2-2A2242A82499}.Debug|x64.ActiveCfg = Debug|x64
		{60AECA3E-7FA2-4464-B7D2-2A2242A82499}.Debug|x64.Build.0 = Debug|x64
		{60AECA3E-7FA2-4464-B7D2-2A2242A82499}.Debug|x86.ActiveCfg = Debug|Win32
		{60AECA3E-7FA2-4464-B7D2-2A2242A82499}.Debug|x86.Build.0 = Debug|Win32
		{60AECA3E-7FA2-4464-B7D2-2A2242A82499}.Release|x64.ActiveCfg = Release|x64
		{60AECA3E-7FA2-4464-B7D2-2A2242A82499}.Release|x64.Build.0 = Release|x64
		{60AECA3E-7FA2-4464-B7D2-2A2242A82499}.Release|x86.ActiveCfg = Release|Win32
		{60AECA3E-7FA2-4464-B7D2-2A2242A82499}.Release|x86.Build.0 = Release|Win32
		{6C3FFEE3-A177-4906-9281-AF93D7380592}.Debug|x64.ActiveCfg = Debug|x64
		{6C3FFEE3-A177-4906-9281-AF93D7380592}.Debug|x64.Build.0 = Debug|x64
		{6C3FFEE3-A177-4906-9281-AF93D7380592}.Debug|x86.ActiveCfg = Debug|Win32
		{6C3FFEE3-A177-4906-9281-AF93D7380592}.Debug|x86.Build.0 = Debug|Win32
		{6C3FFEE3-A177-4906-9281-AF93D7380592}.Release|x64.ActiveCfg = Release|x64
		{6C3FFEE3-A177-4906-9281-AF93D7380592}.Release|x64.Build.0 = Release|x64
		{6C3FFEE3-A177-4906-9281-AF93D7380592}.Release|x86.ActiveCfg = Release|Win32
		{6C3FFEE3-A177-4906-9281-AF93D7380592}.Release|x86.Build.0 = Release|Win32
		{707DA999-E3F8-4FA3-B2CB-EE46E19A7602}.Debug|x64.ActiveCfg = Debug|x64
		{707DA999-E3F8-4FA3-B2CB-EE46E19A7602}.Debug|x64.Build.0 = Debug|x64
		{707DA999-E3F8-4FA3-B2CB-EE46E19A7602}.Debug|x86.ActiveCfg = Debug|Win32
		{707DA999-E3F8-4FA3-B2CB-EE46E19A7602}.Debug|x86.Build.0 = Debug|Win32
		{707DA999-E3F8-4FA3-B2CB-EE46E19A7602}.Release|x64.ActiveCfg = Release|x64
		{707DA999-E3F8-4FA3-B2CB-EE46E19A7602}.Release|x64.Build.0 = Release|x64
		{707DA999-E3F8-4FA3-B2CB-EE46E19A7602}.Release|x86.ActiveCfg = Release|Win32
		{707DA999-E3F8-4FA3-B2CB-EE46E19A7602}.Release|x86.Build.0 = Release|Win32
		{19F573DC-58B1-4F78-99E0-14061712CC66}.Debug|x64.ActiveCfg = Debug|x64
		{19F573DC-58B1-4F78-99E0-14061712CC66}.Debug|x64.Build.0 = Debug|x64
		{19F573DC-58B1-4F78-99E0-14061712CC66}.Debug|x86.ActiveCfg = Debug|Win32
		{19F573DC-58B1-4F78-99E0-14061712CC66}.Debug|x86.Build.0 = Debug|Win32
		{19F573DC-58B1-4F78-99E0-14061712CC66}.Release|x64.ActiveCfg = Release|x64
		{19F573DC-58B1-4F78-99E0-14061712CC66}.Release|x64.Build.0 = Release|x64
		{19F573DC-58B1-4F78-99E0-14061712CC66}.Release|x86.ActiveCfg = Release|Win32
		{19F573DC-58B1-4F78-99E0-14061712CC66}.Release|x86.Build.0 = Release|Win32
		{D94EE32E-05DC-4008-9F7D-EE0E2180146D}.Debug|x64.ActiveCfg = Debug|x64
		{D94EE32E-05DC-4008-9F7D-EE0E2180146D}.Debug|x64.Build.0 = Debug|x64
		{D94EE32E-05DC-4008-9F7D-EE0E2180146D}.Debug|x86.ActiveCfg = Debug|Win32
		{D94EE32E-05DC-4008-9F7D-EE0E2180146D}.Debug|x86.Build.0 = Debug|Win32
		{D94EE32E-05DC-4008-9F7D-EE0E2180146D}.Release|x64.ActiveCfg = Release|x64
		{D94EE32E-05DC-4008-9F7D-EE0E2180146D}.Release|x64.Build.0 = Release|x64
		{D94EE32E-05DC-4008-9F7D-EE0E2180146D}.Release|x86.ActiveCfg = Release|Win32
		{D94EE32E-05DC-4008-9F7D-EE0E2180146D}.Release|x86.Build.0 = Release|Win32
		{06B97324-7839-444A-BF07-86530E0B5E18}.Debug|x64.ActiveCfg = Debug|x64
		{06B97324-7839-444A-BF07-86530E0B5E18}.Debug|x64.Build.0 = Debug|x64
		{06B97324-7839-444A-BF07-86530E0B5E18}.Debug|x86.ActiveCfg = Debug|Win32
		{06B97324-7839-444A-BF07-86530E0B5E18}.Debug|x86.Build.0 = Debug|Win32
		{06B97324-7839-444A-BF07-86530E0B5E18}.Release|x64.ActiveCfg = Release|x64
		{06B97324-7839-444A-BF07-86530E0B5E18}.Release|x64.Build.0 = Release|x64
		{06B97324-7839-444A-BF07-86530E0B5E18}.Release|x86.ActiveCfg = Release|Win32
		{06B97324-7839-444A-BF07-86530E0B5E18}.Release|x86.Build.0 = Release|Win32
		{39B18A0F-596A-421F-99F2-B32C4F0D87B4}.Debug|x64.ActiveCfg = Debug|x64
		{39B18A0F-596A-421F-99F2-B32C4F0D87B4}.Debug|x64.Build.0 = Debug|x64
		{39B18A0F-596A-421F-99F2-B32C4F0D87B4}.Debug|x86.ActiveCfg = Debug|Win32
		{39B18A0F-596A-421F-99F2-B32C4F0D87B4}.Debug|x86.Build.0 = Debug|Win32
		{39B18A0F-596A-421F-99F2-B32C4F0D87B4}.Release|x64.ActiveCfg = Release|x64
		{39B18A0F-596A-421F-99F2-B32C4F0D87B4}.Release|x64.Build.0 = Release|x64
		{39B18A0F-596A-421F-99F2-B32C4F0D87B4}.Release|x86.ActiveCfg = Release|Win32
		{39B18A0F-596A-421F-99F2-B32C4F0D87B4}.Release|x86.Build.0 = Release|Win32
		{31354516-8E0D-4630-96EC-96E87AA4937C}.Debug|x64.ActiveCfg = Debug|x64
		{31354516-8E0D-4630-96EC-96E87AA4937C}.Debug|x64.Build.0 = Debug|x64
		{31354516-8E0D-4630-96EC-96E87AA4937C}.Debug|x86.ActiveCfg = Debug|Win32
		{31354516-8E0D-4630-96EC-96E87AA4937C}.Debug|x86.Build.0 = Debug|Win32
		{31354516-8E0D-4630-96EC-96E87AA4937C}.Release|x64.ActiveCfg = Release|x64
		{31354516-8E0D-4630-96EC-96E87AA4937C}.Release|x64.Build.0 = Release|x64
		{31354516-8E0D-4630-96EC-96E87AA4937C}.Release|x86.ActiveCfg = Release|Win32
		{31354516-8E0D-4630-96EC-96E87AA4937C}.Release|x86.Build.0 = Release|Win32
		{19DD5936-C5EB-4CB2-853F-196DD5AB2DF5}.Debug|x64.ActiveCfg = Debug|x64
		{19DD5936-C5EB-4CB2-853F-196DD5AB2DF5}.Debug|x64.Build.0 = Debug|x64
		{19DD5936-C5EB-4CB2-853F-196DD5AB2DF5}.Debug|x86.ActiveCfg = Debug|Win32
		{19DD5936-C5EB-4CB2-853F-196DD5AB2DF5}.Debug|x86.Build.0 = Debug|Win32
		{19DD5936-C5EB-4CB2-853F-196DD5AB2DF5}.Release|x64.ActiveCfg = Release|x64
		{19DD5936-C5EB-4CB2-853F-196DD5AB2DF5}.Release|x64.Build.0 = Release|x64
		{19DD5936-C5EB-4CB2-853F-196DD5AB2DF5}.Release|x86.ActiveCfg = Release|Win32
		{19DD5936-C5EB-4CB2-853F-196DD5AB2DF5}.Release|x86.Build.0 = Release|Win32
		{9DDEC0A6-6F8B-4C2B-961A-10C8D58C044A}.Debug|x64.ActiveCfg = Debug|x64
		{9DDEC0A6-6F8B-4C2B-961A-10C8D58C044A}.Debug|x64.Build.0 = Debug|x64
		{9DDEC0A6-6F8B-4C2B-961A-10C8D58C044A}.Debug|x86.ActiveCfg = Debug|Win32
		{9DDEC0A6-6F8B-4C2B-961A-10C8D58C044A}.Debug|x86.Build.0 = Debug|Win32
		{9DDEC0A6-6F8B-4C2B-961A-10C8D58C044A}.Release|x64.ActiveCfg = Release|x64
		{9DDEC0A6-6F8B-4C2B-961A-10C8D58C044A}.Release|x64.Build.0 = Release|x64
		{9DDEC0A6-6F8B-4C2B-961A-10C8D58C044A}.Release|x86.ActiveCfg = Release|Win32
		{9DDEC0A6-6F8B-4C2B-961A-10C8D58C044A}.Release|x86.Build.0 = Release|Win32
		{3D352D66-5450-492D-89CB-15ABFA2EA18F}.Debug|x64.ActiveCfg = Debug|x64
		{3D352D66-5450-492D-89CB-15ABFA2EA18F}.Debug|x64.Build.0 = Debug|x64
		{3D352D66-5450-492D-89CB-15ABFA2EA18F}.Debug|x86.ActiveCfg = Debug|Win32
		{3D352D66-5450-492D-89CB-15ABFA2EA18F}.Debug|x86.Build.0 = Debug|Win32
		{3D352D66-5450-492D-89CB-15ABFA2EA18F}.Release|x64.ActiveCfg = Release|x64
		{3D352D66-5450-492D-89CB-15ABFA2EA18F}.Release|x64.Build.0 = Release|x64
		{3D352D66-5450-492D-89CB-15ABFA2EA18F}.Release|x86.ActiveCfg = Release|Win32
		{3D352D66-5450-492D-89CB-15ABFA2EA18F}.Release|x86.Build.0 = Release|Win32
		{396926E7-5298-4743-A2C0-94432E6AE2A1}.Debug|x64.ActiveCfg = Debug|x64
		{396926E7-5298-4743-A2C0-94432E6AE2A1}.Debug|x64.Build.0 = Debug|x64
		{396926E7-5298-4743-A2C0-94432E6AE2A1}.Debug|x86.ActiveCfg = Debug|Win32
		{396926E7-5298-4743-A2C0-94432E6AE2A1}.Debug|x86.Build.0 = Debug|Win32
		{396926E7-5298-4743-A2C0-94432E6AE2A1}.Release|x64.ActiveCfg = Release|x64
		{396926E7-5298-4743-A2C0-94432E6AE2A1}.Release|x64.Build.0 = Release|x64
		{396926E7-5298-4743-A2C0-94432E6AE2A1}.Release|x86.ActiveCfg = Release|Win32
		{396926E7-5298-4743-A2C0-94432E6AE2A1}.Release|x86.Build.0 = Release|Win32
		{8CBEDECA-EF7D-4E63-9CDF-762C65960F36}.Debug|x64.ActiveCfg = Debug|x64
		{8CBEDECA-EF7D-4E63-9CDF-762C65960F36}.Debug|x64.Build.0 = Debug|x64
		{8CBEDECA-EF7D-4E63-9CDF-762C65960F36}.Debug|x86.ActiveCfg = Debug|Win32
		{8CBEDECA-EF7D-4E63-9CDF-762C65960F36}.Debug|x86.Build.0 = Debug|Win32
		{8CBEDECA-EF7D-4E63-9CDF-762C65960F36}.Release|x64.ActiveCfg = Release|x64
		{8CBEDECA-EF7D-4E63-9CDF-762C65960F36}.Release|x64.Build.0 = Release|x64
		{8CBEDECA-EF7D-4E63-9CDF-762C65960F36}.Release|x86.ActiveCfg = Release|Win32
		{8CBEDECA-EF7D-4E63-9CDF-762C65960F36}.Release|x86.Build.0 = Release|Win32
	EndGlobalSection
	GlobalSection(SolutionProperties) = preSolution
		HideSolutionNode = FALSE
	EndGlobalSection
	GlobalSection(ExtensibilityGlobals) = postSolution
		SolutionGuid = {637CD7A7-6275-4FA3-9FBF-FC9F456B1295}
	EndGlobalSection
EndGlobal
